<?xml version="1.0" encoding="utf-8"?>
<Project ToolsVersion="4.0" xmlns="http://schemas.microsoft.com/developer/msbuild/2003">
  <ItemGroup>
    <Filter Include="Source Files">
      <UniqueIdentifier>{4FC737F1-C7A5-4376-A066-2A32D752A2FF}</UniqueIdentifier>
      <Extensions>cpp;c;cc;cxx;def;odl;idl;hpj;bat;asm;asmx</Extensions>
    </Filter>
    <Filter Include="Header Files">
      <UniqueIdentifier>{93995380-89BD-4b04-88EB-625FBE52EBFB}</UniqueIdentifier>
      <Extensions>h;hh;hpp;hxx;hm;inl;inc;xsd</Extensions>
    </Filter>
    <Filter Include="Resource Files">
      <UniqueIdentifier>{67DA6AB6-F800-4c08-8B7A-83BB121AAD01}</UniqueIdentifier>
      <Extensions>rc;ico;cur;bmp;dlg;rc2;rct;bin;rgs;gif;jpg;jpeg;jpe;resx;tiff;tif;png;wav;mfcribbon-ms</Extensions>
    </Filter>
  </ItemGroup>
  <ItemGroup>
    <Text Include="ReadMe.txt" />
  </ItemGroup>
  <ItemGroup>
    <ClInclude Include="stdafx.h">
      <Filter>Header Files</Filter>
    </ClInclude>
    <ClInclude Include="targetver.h">
      <Filter>Header Files</Filter>
    </ClInclude>
    <ClInclude Include="VariousFeatures.h">
      <Filter>Header Files</Filter>
    </ClInclude>
    <ClInclude Include="Utils.h">
      <Filter>Header Files</Filter>
    </ClInclude>
    <ClInclude Include="SomeClass.h">
      <Filter>Header Files</Filter>
    </ClInclude>
    <ClInclude Include="Inheritance\InheritFromPrivateInheritance.h">
      <Filter>Header Files</Filter>
    </ClInclude>
    <ClInclude Include="Inheritance\InheritFromProtectedInheritance.h">
      <Filter>Header Files</Filter>
    </ClInclude>
    <ClInclude Include="Inheritance\PrivateInheritance.h">
      <Filter>Header Files</Filter>
    </ClInclude>
    <ClInclude Include="Inheritance\PublicInheritance.h">
      <Filter>Header Files</Filter>
    </ClInclude>
    <ClInclude Include="Inheritance\Shape.h">
      <Filter>Header Files</Filter>
    </ClInclude>
    <ClInclude Include="Inheritance\ProtectedInheritance.h">
      <Filter>Header Files</Filter>
    </ClInclude>
    <ClInclude Include="Inheritance\FilledShape.h">
      <Filter>Header Files</Filter>
    </ClInclude>
    <ClInclude Include="Inheritance\MultiInheritance.h">
      <Filter>Header Files</Filter>
    </ClInclude>
    <ClInclude Include="Inheritance\Multiple_Virtual\Animal.h">
      <Filter>Header Files</Filter>
    </ClInclude>
    <ClInclude Include="Inheritance\Multiple_Virtual\Mammal.h">
      <Filter>Header Files</Filter>
    </ClInclude>
    <ClInclude Include="Inheritance\Multiple_Virtual\WingedAnimal.h">
      <Filter>Header Files</Filter>
    </ClInclude>
    <ClInclude Include="Inheritance\Multiple_Virtual\Bat.h">
      <Filter>Header Files</Filter>
    </ClInclude>
    <ClInclude Include="Inheritance\Utils.h">
      <Filter>Header Files</Filter>
    </ClInclude>
  </ItemGroup>
  <ItemGroup>
    <ClCompile Include="stdafx.cpp">
      <Filter>Source Files</Filter>
    </ClCompile>
    <ClCompile Include="VariousFeatures.cpp">
      <Filter>Source Files</Filter>
    </ClCompile>
    <ClCompile Include="SomeClass.cpp">
      <Filter>Source Files</Filter>
    </ClCompile>
    <ClCompile Include="Inheritance\InheritFromPrivateInheritance.cpp">
      <Filter>Source Files</Filter>
    </ClCompile>
    <ClCompile Include="Inheritance\InheritFromProtectedInheritance.cpp">
      <Filter>Source Files</Filter>
    </ClCompile>
    <ClCompile Include="Inheritance\PrivateInheritance.cpp">
      <Filter>Source Files</Filter>
    </ClCompile>
    <ClCompile Include="Inheritance\PublicInheritance.cpp">
      <Filter>Source Files</Filter>
    </ClCompile>
    <ClCompile Include="Inheritance\Shape.cpp">
      <Filter>Source Files</Filter>
    </ClCompile>
    <ClCompile Include="Inheritance\FilledShape.cpp">
      <Filter>Source Files</Filter>
    </ClCompile>
    <ClCompile Include="Inheritance\MultiInheritance.cpp">
      <Filter>Source Files</Filter>
    </ClCompile>
    <ClCompile Include="Inheritance\Multiple_Virtual\Animal.cpp">
      <Filter>Source Files</Filter>
    </ClCompile>
    <ClCompile Include="Inheritance\Multiple_Virtual\Mammal.cpp">
      <Filter>Source Files</Filter>
    </ClCompile>
    <ClCompile Include="Inheritance\Multiple_Virtual\WingedAnimal.cpp">
      <Filter>Source Files</Filter>
    </ClCompile>
    <ClCompile Include="Inheritance\ProtectedInheritance.cpp">
      <Filter>Source Files</Filter>
    </ClCompile>
    <ClCompile Include="Inheritance\Multiple_Virtual\Bat.cpp">
      <Filter>Source Files</Filter>
    </ClCompile>
  </ItemGroup>
</Project>